<?xml version="1.0" encoding="utf-8"?>
<Project ToolsVersion="4.0" xmlns="http://schemas.microsoft.com/developer/msbuild/2003">
  <ItemGroup>
    <ClCompile Include="entry.cpp" />
    <ClCompile Include="imgui\imgui_demo.cpp">
      <Filter>imgui</Filter>
    </ClCompile>
    <ClCompile Include="imgui\imgui_draw.cpp">
      <Filter>imgui</Filter>
    </ClCompile>
    <ClCompile Include="imgui\imgui_tables.cpp">
      <Filter>imgui</Filter>
    </ClCompile>
    <ClCompile Include="imgui\imgui_widgets.cpp">
      <Filter>imgui</Filter>
    </ClCompile>
    <ClCompile Include="imgui\imgui.cpp">
      <Filter>imgui</Filter>
    </ClCompile>
    <ClCompile Include="service\AddonRenderer.cpp" />
    <ClCompile Include="service\WorldInventory.cpp" />
    <ClCompile Include="service\WvWMatchService.cpp" />
  </ItemGroup>
  <ItemGroup>
    <ClInclude Include="imgui\imstb_truetype.h">
      <Filter>imgui</Filter>
    </ClInclude>
    <ClInclude Include="imgui\imgui.h">
      <Filter>imgui</Filter>
    </ClInclude>
    <ClInclude Include="imgui\imgui_internal.h">
      <Filter>imgui</Filter>
    </ClInclude>
    <ClInclude Include="imgui\imstb_rectpack.h">
      <Filter>imgui</Filter>
    </ClInclude>
    <ClInclude Include="imgui\imstb_textedit.h">
      <Filter>imgui</Filter>
    </ClInclude>
    <ClInclude Include="imgui\imconfig.h">
      <Filter>imgui</Filter>
    </ClInclude>
    <ClInclude Include="nexus\Nexus.h" />
    <ClInclude Include="mumble\Mumble.h" />
    <ClInclude Include="Settings.h" />
    <ClInclude Include="Globals.h" />
    <ClInclude Include="Constants.h" />
    <ClInclude Include="service\AddonRenderer.h" />
    <ClInclude Include="service\PipsCalculator.h" />
    <ClInclude Include="ArcDPS.h" />
    <ClInclude Include="entity\GW2API_WvW.h" />
    <ClInclude Include="service\AddonInitalize.h" />
    <ClInclude Include="service\HttpClient.h" />
    <ClInclude Include="service\WorldInventory.h" />
    <ClInclude Include="resource.h" />
    <ClInclude Include="entity\GW2API_Worlds.h" />
    <ClInclude Include="service\WvWMatchService.h" />
  </ItemGroup>
  <ItemGroup>
    <Filter Include="imgui">
      <UniqueIdentifier>{b8dcb93b-2947-498a-8c72-51bb322b9742}</UniqueIdentifier>
    </Filter>
  </ItemGroup>
  <ItemGroup>
    <None Include="resources\alliances.json" />
    <None Include="..\vcpkg.json" />
    <None Include="..\vcpkg-configuration.json" />
    <None Include="..\readme.md" />
  </ItemGroup>
  <ItemGroup>
    <ResourceCompile Include="GW2Nexus-WvWTools.rc" />
  </ItemGroup>
</Project>